
Microsoft Visual Studio Solution File, Format Version 12.00
# Visual Studio Version 17
VisualStudioVersion = 17.4.33122.133
MinimumVisualStudioVersion = 10.0.40219.1
Project("{FAE04EC0-301F-11D3-BF4B-00C04F79EFBC}") = "CodeEvents.Api", "CodeEvents.Api\CodeEvents.Api.csproj", "{70626FE2-7B14-4899-B449-CC2178D440E1}"
EndProject
Global
	GlobalSection(SolutionConfigurationPlatforms) = preSolution
		Debug|Any CPU = Debug|Any CPU
		Release|Any CPU = Release|Any CPU
	EndGlobalSection
	GlobalSection(ProjectConfigurationPlatforms) = postSolution
		{70626FE2-7B14-4899-B449-CC2178D440E1}.Debug|Any CPU.ActiveCfg = Debug|Any CPU
		{70626FE2-7B14-4899-B449-CC2178D440E1}.Debug|Any CPU.Build.0 = Debug|Any CPU
		{70626FE2-7B14-4899-B449-CC2178D440E1}.Release|Any CPU.ActiveCfg = Release|Any CPU
		{70626FE2-7B14-4899-B449-CC2178D440E1}.Release|Any CPU.Build.0 = Release|Any CPU
	EndGlobalSection
	GlobalSection(SolutionProperties) = preSolution
		HideSolutionNode = FALSE
	EndGlobalSection
	GlobalSection(ExtensibilityGlobals) = postSolution
		SolutionGuid = {702F0B9F-7058-447E-B525-DC902314F46B}
	EndGlobalSection
EndGlobal
